
Microsoft Visual Studio Solution File, Format Version 12.00
# Visual Studio Version 17
VisualStudioVersion = 17.9.34701.34
MinimumVisualStudioVersion = 10.0.40219.1
Project("{9A19103F-16F7-4668-BE54-9A1E7A4F7556}") = "VoenMed", "VoenMed\VoenMed.csproj", "{2AAA88AF-41D3-476F-BB23-303581449A0C}"
EndProject
Project("{9A19103F-16F7-4668-BE54-9A1E7A4F7556}") = "VoenMedLibrary", "VoenMedLibrary\VoenMedLibrary.csproj", "{9FFB067F-0694-4D45-9457-E859E98F4082}"
EndProject
Project("{9A19103F-16F7-4668-BE54-9A1E7A4F7556}") = "TestArea", "TestArea\TestArea.csproj", "{8320837E-DB8E-4211-B267-A9FA4FC5B04F}"
EndProject
Project("{FAE04EC0-301F-11D3-BF4B-00C04F79EFBC}") = "TextFormattingHelper", "TextFormattingHelper\TextFormattingHelper.csproj", "{39D7E31B-1647-41CD-B902-8887587BECD6}"
EndProject
Global
	GlobalSection(SolutionConfigurationPlatforms) = preSolution
		Debug|Any CPU = Debug|Any CPU
		Release|Any CPU = Release|Any CPU
	EndGlobalSection
	GlobalSection(ProjectConfigurationPlatforms) = postSolution
		{2AAA88AF-41D3-476F-BB23-303581449A0C}.Debug|Any CPU.ActiveCfg = Debug|Any CPU
		{2AAA88AF-41D3-476F-BB23-303581449A0C}.Debug|Any CPU.Build.0 = Debug|Any CPU
		{2AAA88AF-41D3-476F-BB23-303581449A0C}.Release|Any CPU.ActiveCfg = Release|Any CPU
		{2AAA88AF-41D3-476F-BB23-303581449A0C}.Release|Any CPU.Build.0 = Release|Any CPU
		{9FFB067F-0694-4D45-9457-E859E98F4082}.Debug|Any CPU.ActiveCfg = Debug|Any CPU
		{9FFB067F-0694-4D45-9457-E859E98F4082}.Debug|Any CPU.Build.0 = Debug|Any CPU
		{9FFB067F-0694-4D45-9457-E859E98F4082}.Release|Any CPU.ActiveCfg = Release|Any CPU
		{9FFB067F-0694-4D45-9457-E859E98F4082}.Release|Any CPU.Build.0 = Release|Any CPU
		{8320837E-DB8E-4211-B267-A9FA4FC5B04F}.Debug|Any CPU.ActiveCfg = Debug|Any CPU
		{8320837E-DB8E-4211-B267-A9FA4FC5B04F}.Debug|Any CPU.Build.0 = Debug|Any CPU
		{8320837E-DB8E-4211-B267-A9FA4FC5B04F}.Release|Any CPU.ActiveCfg = Release|Any CPU
		{8320837E-DB8E-4211-B267-A9FA4FC5B04F}.Release|Any CPU.Build.0 = Release|Any CPU
		{39D7E31B-1647-41CD-B902-8887587BECD6}.Debug|Any CPU.ActiveCfg = Debug|Any CPU
		{39D7E31B-1647-41CD-B902-8887587BECD6}.Debug|Any CPU.Build.0 = Debug|Any CPU
		{39D7E31B-1647-41CD-B902-8887587BECD6}.Release|Any CPU.ActiveCfg = Release|Any CPU
		{39D7E31B-1647-41CD-B902-8887587BECD6}.Release|Any CPU.Build.0 = Release|Any CPU
	EndGlobalSection
	GlobalSection(SolutionProperties) = preSolution
		HideSolutionNode = FALSE
	EndGlobalSection
	GlobalSection(ExtensibilityGlobals) = postSolution
		SolutionGuid = {475C7A83-1C0B-4146-992E-A9113FC973EF}
	EndGlobalSection
EndGlobal
